
Microsoft Visual Studio Solution File, Format Version 12.00
# Visual Studio Version 16
VisualStudioVersion = 16.0.31605.320
MinimumVisualStudioVersion = 10.0.40219.1
Project("{FAE04EC0-301F-11D3-BF4B-00C04F79EFBC}") = "BasicCollection.Pyrshiev", "BasicCollection.Pyrshiev\BasicCollection.Pyrshiev.csproj", "{F28A8453-B73D-4CBE-9BFD-C20B1512AD8F}"
EndProject
Global
	GlobalSection(SolutionConfigurationPlatforms) = preSolution
		Debug|Any CPU = Debug|Any CPU
		Release|Any CPU = Release|Any CPU
	EndGlobalSection
	GlobalSection(ProjectConfigurationPlatforms) = postSolution
		{F28A8453-B73D-4CBE-9BFD-C20B1512AD8F}.Debug|Any CPU.ActiveCfg = Debug|Any CPU
		{F28A8453-B73D-4CBE-9BFD-C20B1512AD8F}.Debug|Any CPU.Build.0 = Debug|Any CPU
		{F28A8453-B73D-4CBE-9BFD-C20B1512AD8F}.Release|Any CPU.ActiveCfg = Release|Any CPU
		{F28A8453-B73D-4CBE-9BFD-C20B1512AD8F}.Release|Any CPU.Build.0 = Release|Any CPU
	EndGlobalSection
	GlobalSection(SolutionProperties) = preSolution
		HideSolutionNode = FALSE
	EndGlobalSection
	GlobalSection(ExtensibilityGlobals) = postSolution
		SolutionGuid = {6690FAEA-628E-4CDC-9F7E-37CA2B7B5BC8}
	EndGlobalSection
EndGlobal
