
Microsoft Visual Studio Solution File, Format Version 12.00
# Visual Studio Version 16
VisualStudioVersion = 16.0.31624.102
MinimumVisualStudioVersion = 10.0.40219.1
Project("{FAE04EC0-301F-11D3-BF4B-00C04F79EFBC}") = "SortString.Pyrshiev", "SortString.Pyrshiev\SortString.Pyrshiev.csproj", "{6A3DC3BC-285D-4D3D-A032-D02C5DEEFCAD}"
EndProject
Global
	GlobalSection(SolutionConfigurationPlatforms) = preSolution
		Debug|Any CPU = Debug|Any CPU
		Release|Any CPU = Release|Any CPU
	EndGlobalSection
	GlobalSection(ProjectConfigurationPlatforms) = postSolution
		{6A3DC3BC-285D-4D3D-A032-D02C5DEEFCAD}.Debug|Any CPU.ActiveCfg = Debug|Any CPU
		{6A3DC3BC-285D-4D3D-A032-D02C5DEEFCAD}.Debug|Any CPU.Build.0 = Debug|Any CPU
		{6A3DC3BC-285D-4D3D-A032-D02C5DEEFCAD}.Release|Any CPU.ActiveCfg = Release|Any CPU
		{6A3DC3BC-285D-4D3D-A032-D02C5DEEFCAD}.Release|Any CPU.Build.0 = Release|Any CPU
	EndGlobalSection
	GlobalSection(SolutionProperties) = preSolution
		HideSolutionNode = FALSE
	EndGlobalSection
	GlobalSection(ExtensibilityGlobals) = postSolution
		SolutionGuid = {7FC24A7C-98D5-4FBA-AD4A-58C486F43D12}
	EndGlobalSection
EndGlobal
