
Microsoft Visual Studio Solution File, Format Version 12.00
# Visual Studio Version 16
VisualStudioVersion = 16.0.31605.320
MinimumVisualStudioVersion = 10.0.40219.1
Project("{FAE04EC0-301F-11D3-BF4B-00C04F79EFBC}") = "SingleInstance.Pyrshiev", "SingleInstance.Pyrshiev\SingleInstance.Pyrshiev.csproj", "{B03E394D-1610-4ACD-817C-C08D7C048AA9}"
EndProject
Global
	GlobalSection(SolutionConfigurationPlatforms) = preSolution
		Debug|Any CPU = Debug|Any CPU
		Release|Any CPU = Release|Any CPU
	EndGlobalSection
	GlobalSection(ProjectConfigurationPlatforms) = postSolution
		{B03E394D-1610-4ACD-817C-C08D7C048AA9}.Debug|Any CPU.ActiveCfg = Debug|Any CPU
		{B03E394D-1610-4ACD-817C-C08D7C048AA9}.Debug|Any CPU.Build.0 = Debug|Any CPU
		{B03E394D-1610-4ACD-817C-C08D7C048AA9}.Release|Any CPU.ActiveCfg = Release|Any CPU
		{B03E394D-1610-4ACD-817C-C08D7C048AA9}.Release|Any CPU.Build.0 = Release|Any CPU
	EndGlobalSection
	GlobalSection(SolutionProperties) = preSolution
		HideSolutionNode = FALSE
	EndGlobalSection
	GlobalSection(ExtensibilityGlobals) = postSolution
		SolutionGuid = {0DCD1040-23E4-4EC1-B8B1-CBBEA4FBF570}
	EndGlobalSection
EndGlobal
