
Microsoft Visual Studio Solution File, Format Version 12.00
# Visual Studio Version 16
VisualStudioVersion = 16.0.31624.102
MinimumVisualStudioVersion = 10.0.40219.1
Project("{FAE04EC0-301F-11D3-BF4B-00C04F79EFBC}") = "Mihalich-zver.Pyrshiev", "Mihalich-zver.Pyrshiev\Mihalich-zver.Pyrshiev.csproj", "{5D33D17D-7979-4557-8E29-A131A6BBB5FB}"
EndProject
Global
	GlobalSection(SolutionConfigurationPlatforms) = preSolution
		Debug|Any CPU = Debug|Any CPU
		Release|Any CPU = Release|Any CPU
	EndGlobalSection
	GlobalSection(ProjectConfigurationPlatforms) = postSolution
		{5D33D17D-7979-4557-8E29-A131A6BBB5FB}.Debug|Any CPU.ActiveCfg = Debug|Any CPU
		{5D33D17D-7979-4557-8E29-A131A6BBB5FB}.Debug|Any CPU.Build.0 = Debug|Any CPU
		{5D33D17D-7979-4557-8E29-A131A6BBB5FB}.Release|Any CPU.ActiveCfg = Release|Any CPU
		{5D33D17D-7979-4557-8E29-A131A6BBB5FB}.Release|Any CPU.Build.0 = Release|Any CPU
	EndGlobalSection
	GlobalSection(SolutionProperties) = preSolution
		HideSolutionNode = FALSE
	EndGlobalSection
	GlobalSection(ExtensibilityGlobals) = postSolution
		SolutionGuid = {CE823072-F657-44F1-A43C-17E91DDAC7B6}
	EndGlobalSection
EndGlobal
